{
  "version": 4,
  "terraform_version": "1.7.1",
  "serial": 9,
  "lineage": "a592e90e-96ba-c3b9-4c8b-f8127cdd2080",
  "outputs": {
    "web_url": {
      "value": "task-board-33749.azurewebsites.net",
      "type": "string"
    },
    "webapp_ips": {
      "value": "20.8.134.31,20.8.134.93,20.8.134.133,20.8.134.165,20.8.134.239,20.8.135.5,20.8.128.214,20.8.130.14,20.8.131.82,20.8.131.85,20.8.132.27,20.8.132.35,20.8.132.44,20.8.132.120,20.8.132.165,20.8.133.70,20.8.133.73,20.8.133.107,20.8.133.111,20.8.133.124,20.8.133.144,20.31.43.7,20.8.133.198,20.8.133.248,20.8.134.31,20.8.134.93,20.8.134.133,20.8.134.165,20.8.134.239,20.8.135.5,20.8.135.18,20.8.135.36,20.8.135.62,20.8.135.67,20.8.135.81,20.8.135.103,20.105.224.39",
      "type": "string"
    }
  },
  "resources": [
    {
      "mode": "managed",
      "type": "azurerm_app_service_source_control",
      "name": "github",
      "provider": "provider[\"registry.terraform.io/hashicorp/azurerm\"]",
      "instances": [
        {
          "schema_version": 0,
          "attributes": {
            "app_id": "/subscriptions/ce756101-1c9e-44ce-a01d-c8e640855eb4/resourceGroups/TaskBoardRG-33749/providers/Microsoft.Web/sites/task-board-33749",
            "branch": "main",
            "github_action_configuration": [],
            "id": "/subscriptions/ce756101-1c9e-44ce-a01d-c8e640855eb4/resourceGroups/TaskBoardRG-33749/providers/Microsoft.Web/sites/task-board-33749",
            "repo_url": "https://github.com/jrashev/taskboard3",
            "rollback_enabled": false,
            "scm_type": "ExternalGit",
            "timeouts": null,
            "use_local_git": false,
            "use_manual_integration": true,
            "use_mercurial": false,
            "uses_github_action": false
          },
          "sensitive_attributes": [],
          "private": "eyJlMmJmYjczMC1lY2FhLTExZTYtOGY4OC0zNDM2M2JjN2M0YzAiOnsiY3JlYXRlIjoxODAwMDAwMDAwMDAwLCJkZWxldGUiOjE4MDAwMDAwMDAwMDAsInJlYWQiOjMwMDAwMDAwMDAwMH19",
          "dependencies": [
            "azurerm_linux_web_app.alwa",
            "azurerm_mssql_database.database",
            "azurerm_mssql_server.mssql",
            "azurerm_resource_group.rg",
            "azurerm_service_plan.asp",
            "random_integer.ri"
          ]
        }
      ]
    },
    {
      "mode": "managed",
      "type": "azurerm_linux_web_app",
      "name": "alwa",
      "provider": "provider[\"registry.terraform.io/hashicorp/azurerm\"]",
      "instances": [
        {
          "schema_version": 1,
          "attributes": {
            "app_settings": null,
            "auth_settings": [],
            "auth_settings_v2": [],
            "backup": [],
            "client_affinity_enabled": false,
            "client_certificate_enabled": false,
            "client_certificate_exclusion_paths": "",
            "client_certificate_mode": "Required",
            "connection_string": [
              {
                "name": "DefaultConnection",
                "type": "SQLAzure",
                "value": "Data Source=tcp:task-board-sql-33749.database.windows.net,1433;Initial Catalog=TaskBoardDB-33749;User ID=4dm1n157r470r;Password=4-v3ry-53cr37-p455w0rd;Trusted_Connection=False; MultipleActiveResultSets=True;"
              }
            ],
            "custom_domain_verification_id": "32F80FD9AD23A7B78D9394F1FF3EE9518F71B11131C2AEBD098B1EEBBC6BE9DF",
            "default_hostname": "task-board-33749.azurewebsites.net",
            "enabled": true,
            "ftp_publish_basic_authentication_enabled": true,
            "hosting_environment_id": "",
            "https_only": false,
            "id": "/subscriptions/ce756101-1c9e-44ce-a01d-c8e640855eb4/resourceGroups/TaskBoardRG-33749/providers/Microsoft.Web/sites/task-board-33749",
            "identity": [],
            "key_vault_reference_identity_id": "SystemAssigned",
            "kind": "app,linux",
            "location": "westeurope",
            "logs": [],
            "name": "task-board-33749",
            "outbound_ip_address_list": [
              "20.8.134.31",
              "20.8.134.93",
              "20.8.134.133",
              "20.8.134.165",
              "20.8.134.239",
              "20.8.135.5",
              "20.8.128.214",
              "20.8.130.14",
              "20.8.131.82",
              "20.8.131.85",
              "20.8.132.27",
              "20.8.132.35",
              "20.105.224.39"
            ],
            "outbound_ip_addresses": "20.8.134.31,20.8.134.93,20.8.134.133,20.8.134.165,20.8.134.239,20.8.135.5,20.8.128.214,20.8.130.14,20.8.131.82,20.8.131.85,20.8.132.27,20.8.132.35,20.105.224.39",
            "possible_outbound_ip_address_list": [
              "20.8.134.31",
              "20.8.134.93",
              "20.8.134.133",
              "20.8.134.165",
              "20.8.134.239",
              "20.8.135.5",
              "20.8.128.214",
              "20.8.130.14",
              "20.8.131.82",
              "20.8.131.85",
              "20.8.132.27",
              "20.8.132.35",
              "20.8.132.44",
              "20.8.132.120",
              "20.8.132.165",
              "20.8.133.70",
              "20.8.133.73",
              "20.8.133.107",
              "20.8.133.111",
              "20.8.133.124",
              "20.8.133.144",
              "20.31.43.7",
              "20.8.133.198",
              "20.8.133.248",
              "20.8.134.31",
              "20.8.134.93",
              "20.8.134.133",
              "20.8.134.165",
              "20.8.134.239",
              "20.8.135.5",
              "20.8.135.18",
              "20.8.135.36",
              "20.8.135.62",
              "20.8.135.67",
              "20.8.135.81",
              "20.8.135.103",
              "20.105.224.39"
            ],
            "possible_outbound_ip_addresses": "20.8.134.31,20.8.134.93,20.8.134.133,20.8.134.165,20.8.134.239,20.8.135.5,20.8.128.214,20.8.130.14,20.8.131.82,20.8.131.85,20.8.132.27,20.8.132.35,20.8.132.44,20.8.132.120,20.8.132.165,20.8.133.70,20.8.133.73,20.8.133.107,20.8.133.111,20.8.133.124,20.8.133.144,20.31.43.7,20.8.133.198,20.8.133.248,20.8.134.31,20.8.134.93,20.8.134.133,20.8.134.165,20.8.134.239,20.8.135.5,20.8.135.18,20.8.135.36,20.8.135.62,20.8.135.67,20.8.135.81,20.8.135.103,20.105.224.39",
            "public_network_access_enabled": true,
            "resource_group_name": "TaskBoardRG-33749",
            "service_plan_id": "/subscriptions/ce756101-1c9e-44ce-a01d-c8e640855eb4/resourceGroups/TaskBoardRG-33749/providers/Microsoft.Web/serverFarms/task-board-plan-33749",
            "site_config": [
              {
                "always_on": false,
                "api_definition_url": "",
                "api_management_api_id": "",
                "app_command_line": "",
                "application_stack": [
                  {
                    "docker_image": "",
                    "docker_image_name": "",
                    "docker_image_tag": "",
                    "docker_registry_password": "",
                    "docker_registry_url": "",
                    "docker_registry_username": "",
                    "dotnet_version": "6.0",
                    "go_version": "",
                    "java_server": "",
                    "java_server_version": "",
                    "java_version": "",
                    "node_version": "",
                    "php_version": "",
                    "python_version": "",
                    "ruby_version": ""
                  }
                ],
                "auto_heal_enabled": false,
                "auto_heal_setting": [],
                "container_registry_managed_identity_client_id": "",
                "container_registry_use_managed_identity": false,
                "cors": [],
                "default_documents": [
                  "Default.htm",
                  "Default.html",
                  "Default.asp",
                  "index.htm",
                  "index.html",
                  "iisstart.htm",
                  "default.aspx",
                  "index.php",
                  "hostingstart.html"
                ],
                "detailed_error_logging_enabled": false,
                "ftps_state": "Disabled",
                "health_check_eviction_time_in_min": 0,
                "health_check_path": "",
                "http2_enabled": false,
                "ip_restriction": [],
                "linux_fx_version": "DOTNETCORE|6.0",
                "load_balancing_mode": "LeastRequests",
                "local_mysql_enabled": false,
                "managed_pipeline_mode": "Integrated",
                "minimum_tls_version": "1.2",
                "remote_debugging_enabled": false,
                "remote_debugging_version": "VS2019",
                "scm_ip_restriction": [],
                "scm_minimum_tls_version": "1.2",
                "scm_type": "None",
                "scm_use_main_ip_restriction": false,
                "use_32_bit_worker": true,
                "vnet_route_all_enabled": false,
                "websockets_enabled": false,
                "worker_count": 1
              }
            ],
            "site_credential": [
              {
                "name": "$task-board-33749",
                "password": "yyQsQMSGpPHc87hHryQp9aDRQtqKutyBcvW4BatfuSeWEhL30otwWcgbsyij"
              }
            ],
            "sticky_settings": [],
            "storage_account": [],
            "tags": null,
            "timeouts": null,
            "virtual_network_subnet_id": "",
            "webdeploy_publish_basic_authentication_enabled": true,
            "zip_deploy_file": ""
          },
          "sensitive_attributes": [
            [
              {
                "type": "get_attr",
                "value": "connection_string"
              }
            ]
          ],
          "private": "eyJlMmJmYjczMC1lY2FhLTExZTYtOGY4OC0zNDM2M2JjN2M0YzAiOnsiY3JlYXRlIjoxODAwMDAwMDAwMDAwLCJkZWxldGUiOjE4MDAwMDAwMDAwMDAsInJlYWQiOjMwMDAwMDAwMDAwMCwidXBkYXRlIjoxODAwMDAwMDAwMDAwfSwic2NoZW1hX3ZlcnNpb24iOiIxIn0=",
          "dependencies": [
            "azurerm_mssql_database.database",
            "azurerm_mssql_server.mssql",
            "azurerm_resource_group.rg",
            "azurerm_service_plan.asp",
            "random_integer.ri"
          ]
        }
      ]
    },
    {
      "mode": "managed",
      "type": "azurerm_mssql_database",
      "name": "database",
      "provider": "provider[\"registry.terraform.io/hashicorp/azurerm\"]",
      "instances": [
        {
          "schema_version": 1,
          "attributes": {
            "auto_pause_delay_in_minutes": 0,
            "collation": "SQL_Latin1_General_CP1_CI_AS",
            "create_mode": "Default",
            "creation_source_database_id": null,
            "elastic_pool_id": "",
            "enclave_type": "",
            "geo_backup_enabled": true,
            "id": "/subscriptions/ce756101-1c9e-44ce-a01d-c8e640855eb4/resourceGroups/TaskBoardRG-33749/providers/Microsoft.Sql/servers/task-board-sql-33749/databases/TaskBoardDB-33749",
            "identity": [],
            "import": [],
            "ledger_enabled": false,
            "license_type": "LicenseIncluded",
            "long_term_retention_policy": [
              {
                "monthly_retention": "PT0S",
                "week_of_year": 1,
                "weekly_retention": "PT0S",
                "yearly_retention": "PT0S"
              }
            ],
            "maintenance_configuration_name": "SQL_Default",
            "max_size_gb": 2,
            "min_capacity": 0,
            "name": "TaskBoardDB-33749",
            "read_replica_count": 0,
            "read_scale": false,
            "recover_database_id": null,
            "restore_dropped_database_id": null,
            "restore_point_in_time": null,
            "sample_name": null,
            "server_id": "/subscriptions/ce756101-1c9e-44ce-a01d-c8e640855eb4/resourceGroups/TaskBoardRG-33749/providers/Microsoft.Sql/servers/task-board-sql-33749",
            "short_term_retention_policy": [
              {
                "backup_interval_in_hours": 24,
                "retention_days": 7
              }
            ],
            "sku_name": "S0",
            "storage_account_type": "Geo",
            "tags": null,
            "threat_detection_policy": [
              {
                "disabled_alerts": [],
                "email_account_admins": "Disabled",
                "email_addresses": [],
                "retention_days": 0,
                "state": "Disabled",
                "storage_account_access_key": "",
                "storage_endpoint": ""
              }
            ],
            "timeouts": null,
            "transparent_data_encryption_enabled": true,
            "transparent_data_encryption_key_automatic_rotation_enabled": false,
            "transparent_data_encryption_key_vault_key_id": "",
            "zone_redundant": false
          },
          "sensitive_attributes": [],
          "private": "eyJlMmJmYjczMC1lY2FhLTExZTYtOGY4OC0zNDM2M2JjN2M0YzAiOnsiY3JlYXRlIjozNjAwMDAwMDAwMDAwLCJkZWxldGUiOjM2MDAwMDAwMDAwMDAsInJlYWQiOjMwMDAwMDAwMDAwMCwidXBkYXRlIjozNjAwMDAwMDAwMDAwfSwic2NoZW1hX3ZlcnNpb24iOiIxIn0=",
          "dependencies": [
            "azurerm_mssql_server.mssql",
            "azurerm_resource_group.rg",
            "random_integer.ri"
          ]
        }
      ]
    },
    {
      "mode": "managed",
      "type": "azurerm_mssql_firewall_rule",
      "name": "firewall",
      "provider": "provider[\"registry.terraform.io/hashicorp/azurerm\"]",
      "instances": [
        {
          "schema_version": 0,
          "attributes": {
            "end_ip_address": "0.0.0.0",
            "id": "/subscriptions/ce756101-1c9e-44ce-a01d-c8e640855eb4/resourceGroups/TaskBoardRG-33749/providers/Microsoft.Sql/servers/task-board-sql-33749/firewallRules/FirewallRule1",
            "name": "FirewallRule1",
            "server_id": "/subscriptions/ce756101-1c9e-44ce-a01d-c8e640855eb4/resourceGroups/TaskBoardRG-33749/providers/Microsoft.Sql/servers/task-board-sql-33749",
            "start_ip_address": "0.0.0.0",
            "timeouts": null
          },
          "sensitive_attributes": [],
          "private": "eyJlMmJmYjczMC1lY2FhLTExZTYtOGY4OC0zNDM2M2JjN2M0YzAiOnsiY3JlYXRlIjoxODAwMDAwMDAwMDAwLCJkZWxldGUiOjE4MDAwMDAwMDAwMDAsInJlYWQiOjMwMDAwMDAwMDAwMCwidXBkYXRlIjoxODAwMDAwMDAwMDAwfX0=",
          "dependencies": [
            "azurerm_mssql_server.mssql",
            "azurerm_resource_group.rg",
            "random_integer.ri"
          ]
        }
      ]
    },
    {
      "mode": "managed",
      "type": "azurerm_mssql_server",
      "name": "mssql",
      "provider": "provider[\"registry.terraform.io/hashicorp/azurerm\"]",
      "instances": [
        {
          "schema_version": 0,
          "attributes": {
            "administrator_login": "4dm1n157r470r",
            "administrator_login_password": "4-v3ry-53cr37-p455w0rd",
            "azuread_administrator": [],
            "connection_policy": "Default",
            "fully_qualified_domain_name": "task-board-sql-33749.database.windows.net",
            "id": "/subscriptions/ce756101-1c9e-44ce-a01d-c8e640855eb4/resourceGroups/TaskBoardRG-33749/providers/Microsoft.Sql/servers/task-board-sql-33749",
            "identity": [],
            "location": "westeurope",
            "minimum_tls_version": "1.2",
            "name": "task-board-sql-33749",
            "outbound_network_restriction_enabled": false,
            "primary_user_assigned_identity_id": "",
            "public_network_access_enabled": true,
            "resource_group_name": "TaskBoardRG-33749",
            "restorable_dropped_database_ids": [],
            "tags": null,
            "timeouts": null,
            "transparent_data_encryption_key_vault_key_id": "",
            "version": "12.0"
          },
          "sensitive_attributes": [],
          "private": "eyJlMmJmYjczMC1lY2FhLTExZTYtOGY4OC0zNDM2M2JjN2M0YzAiOnsiY3JlYXRlIjozNjAwMDAwMDAwMDAwLCJkZWxldGUiOjM2MDAwMDAwMDAwMDAsInJlYWQiOjMwMDAwMDAwMDAwMCwidXBkYXRlIjozNjAwMDAwMDAwMDAwfX0=",
          "dependencies": [
            "azurerm_resource_group.rg",
            "random_integer.ri"
          ]
        }
      ]
    },
    {
      "mode": "managed",
      "type": "azurerm_resource_group",
      "name": "rg",
      "provider": "provider[\"registry.terraform.io/hashicorp/azurerm\"]",
      "instances": [
        {
          "schema_version": 0,
          "attributes": {
            "id": "/subscriptions/ce756101-1c9e-44ce-a01d-c8e640855eb4/resourceGroups/TaskBoardRG-33749",
            "location": "westeurope",
            "managed_by": "",
            "name": "TaskBoardRG-33749",
            "tags": null,
            "timeouts": null
          },
          "sensitive_attributes": [],
          "private": "eyJlMmJmYjczMC1lY2FhLTExZTYtOGY4OC0zNDM2M2JjN2M0YzAiOnsiY3JlYXRlIjo1NDAwMDAwMDAwMDAwLCJkZWxldGUiOjU0MDAwMDAwMDAwMDAsInJlYWQiOjMwMDAwMDAwMDAwMCwidXBkYXRlIjo1NDAwMDAwMDAwMDAwfX0=",
          "dependencies": [
            "random_integer.ri"
          ]
        }
      ]
    },
    {
      "mode": "managed",
      "type": "azurerm_service_plan",
      "name": "asp",
      "provider": "provider[\"registry.terraform.io/hashicorp/azurerm\"]",
      "instances": [
        {
          "schema_version": 1,
          "attributes": {
            "app_service_environment_id": "",
            "id": "/subscriptions/ce756101-1c9e-44ce-a01d-c8e640855eb4/resourceGroups/TaskBoardRG-33749/providers/Microsoft.Web/serverFarms/task-board-plan-33749",
            "kind": "linux",
            "location": "westeurope",
            "maximum_elastic_worker_count": 1,
            "name": "task-board-plan-33749",
            "os_type": "Linux",
            "per_site_scaling_enabled": false,
            "reserved": true,
            "resource_group_name": "TaskBoardRG-33749",
            "sku_name": "F1",
            "tags": null,
            "timeouts": null,
            "worker_count": 1,
            "zone_balancing_enabled": false
          },
          "sensitive_attributes": [],
          "private": "eyJlMmJmYjczMC1lY2FhLTExZTYtOGY4OC0zNDM2M2JjN2M0YzAiOnsiY3JlYXRlIjozNjAwMDAwMDAwMDAwLCJkZWxldGUiOjM2MDAwMDAwMDAwMDAsInJlYWQiOjMwMDAwMDAwMDAwMCwidXBkYXRlIjozNjAwMDAwMDAwMDAwfSwic2NoZW1hX3ZlcnNpb24iOiIxIn0=",
          "dependencies": [
            "azurerm_resource_group.rg",
            "random_integer.ri"
          ]
        }
      ]
    },
    {
      "mode": "managed",
      "type": "random_integer",
      "name": "ri",
      "provider": "provider[\"registry.terraform.io/hashicorp/random\"]",
      "instances": [
        {
          "schema_version": 0,
          "attributes": {
            "id": "33749",
            "keepers": null,
            "max": 99999,
            "min": 10000,
            "result": 33749,
            "seed": null
          },
          "sensitive_attributes": []
        }
      ]
    }
  ],
  "check_results": null
}
